
Microsoft Visual Studio Solution File, Format Version 12.00
# Visual Studio Version 16
VisualStudioVersion = 16.0.29215.179
MinimumVisualStudioVersion = 10.0.40219.1
Project("{FAE04EC0-301F-11D3-BF4B-00C04F79EFBC}") = "TestProjects", "TestProjects.csproj", "{831F6AF7-3CC7-4C3B-84FB-5BC8F7C2AC90}"
EndProject
Global
	GlobalSection(SolutionConfigurationPlatforms) = preSolution
		Debug|Any CPU = Debug|Any CPU
		Release|Any CPU = Release|Any CPU
	EndGlobalSection
	GlobalSection(ProjectConfigurationPlatforms) = postSolution
		{831F6AF7-3CC7-4C3B-84FB-5BC8F7C2AC90}.Debug|Any CPU.ActiveCfg = Debug|Any CPU
		{831F6AF7-3CC7-4C3B-84FB-5BC8F7C2AC90}.Debug|Any CPU.Build.0 = Debug|Any CPU
		{831F6AF7-3CC7-4C3B-84FB-5BC8F7C2AC90}.Release|Any CPU.ActiveCfg = Release|Any CPU
		{831F6AF7-3CC7-4C3B-84FB-5BC8F7C2AC90}.Release|Any CPU.Build.0 = Release|Any CPU
	EndGlobalSection
	GlobalSection(SolutionProperties) = preSolution
		HideSolutionNode = FALSE
	EndGlobalSection
	GlobalSection(ExtensibilityGlobals) = postSolution
		SolutionGuid = {D68CE457-B5B9-46C3-AB2B-89C683841003}
	EndGlobalSection
EndGlobal
